{
  "sources": {
    "nginx": {
      "locked_version": "1.7.0"
    },
    "postgresql": {
      "locked_version": "3.0.2"
    },
    "ssh-keys": {
      "locked_version": "1.0.0"
    },
    "rails_app": {
      "path": "./chef/cookbooks/rails_app"
    },
    "baseline": {
      "path": "./chef/cookbooks/baseline"
    },
    "build-essential": {
      "locked_version": "1.4.0"
    },
    "yum": {
      "locked_version": "2.3.0"
    },
    "apt": {
      "locked_version": "2.0.0"
    },
    "runit": {
      "locked_version": "1.1.6"
    },
    "ohai": {
      "locked_version": "1.1.10"
    },
    "openssl": {
      "locked_version": "1.0.2"
    },
    "postgres": {
      "locked_version": "1.0.1"
    },
    "resource-control": {
      "locked_version": "0.1.0"
    },
    "rbac": {
      "locked_version": "1.0.1"
    },
    "smf": {
      "locked_version": "1.5.0"
    },
    "ipaddr_extensions": {
      "locked_version": "0.1.0"
    },
    "database": {
      "locked_version": "1.4.0"
    },
    "mysql": {
      "locked_version": "3.0.2"
    },
    "aws": {
      "locked_version": "0.101.2"
    },
    "xfs": {
      "locked_version": "1.1.0"
    }
  }
}
